
Microsoft Visual Studio Solution File, Format Version 12.00
Project("{FAE04EC0-301F-11D3-BF4B-00C04F79EFBC}") = "WpfSchedulerAdam", "WpfSchedulerAdam\WpfSchedulerAdam.csproj", "{F9AE7606-D55E-44EB-ABAA-C99F790D7D2B}"
EndProject
Project("{FAE04EC0-301F-11D3-BF4B-00C04F79EFBC}") = "WpfSchedulerAdam.Data", "WpfSchedulerAdam.Data\WpfSchedulerAdam.Data.csproj", "{E5842966-EE91-4FD6-8AE8-FA7EE7B6C9FF}"
EndProject
Global
	GlobalSection(SolutionConfigurationPlatforms) = preSolution
		Debug|Any CPU = Debug|Any CPU
		Release|Any CPU = Release|Any CPU
	EndGlobalSection
	GlobalSection(ProjectConfigurationPlatforms) = postSolution
		{F9AE7606-D55E-44EB-ABAA-C99F790D7D2B}.Debug|Any CPU.ActiveCfg = Debug|Any CPU
		{F9AE7606-D55E-44EB-ABAA-C99F790D7D2B}.Debug|Any CPU.Build.0 = Debug|Any CPU
		{F9AE7606-D55E-44EB-ABAA-C99F790D7D2B}.Release|Any CPU.ActiveCfg = Release|Any CPU
		{F9AE7606-D55E-44EB-ABAA-C99F790D7D2B}.Release|Any CPU.Build.0 = Release|Any CPU
		{E5842966-EE91-4FD6-8AE8-FA7EE7B6C9FF}.Debug|Any CPU.ActiveCfg = Debug|Any CPU
		{E5842966-EE91-4FD6-8AE8-FA7EE7B6C9FF}.Debug|Any CPU.Build.0 = Debug|Any CPU
		{E5842966-EE91-4FD6-8AE8-FA7EE7B6C9FF}.Release|Any CPU.ActiveCfg = Release|Any CPU
		{E5842966-EE91-4FD6-8AE8-FA7EE7B6C9FF}.Release|Any CPU.Build.0 = Release|Any CPU
	EndGlobalSection
EndGlobal
